
Microsoft Visual Studio Solution File, Format Version 12.00
# Visual Studio Version 17
VisualStudioVersion = 17.4.33205.214
MinimumVisualStudioVersion = 10.0.40219.1
Project("{FAE04EC0-301F-11D3-BF4B-00C04F79EFBC}") = "Furniking", "Furniking\Furniking.csproj", "{2C5B4116-A8A4-48C9-9ECE-7B5CDA4B684B}"
EndProject
Project("{FAE04EC0-301F-11D3-BF4B-00C04F79EFBC}") = "Furniking.DAL", "Furniking.DAL\Furniking.DAL.csproj", "{24E1974D-1031-4624-833D-00D5CAA70897}"
EndProject
Project("{FAE04EC0-301F-11D3-BF4B-00C04F79EFBC}") = "Furniking.BLL", "Furniking.BLL\Furniking.BLL.csproj", "{DA578374-E507-4B17-84B7-5ADBC56BF94D}"
EndProject
Global
	GlobalSection(SolutionConfigurationPlatforms) = preSolution
		Debug|Any CPU = Debug|Any CPU
		Release|Any CPU = Release|Any CPU
	EndGlobalSection
	GlobalSection(ProjectConfigurationPlatforms) = postSolution
		{2C5B4116-A8A4-48C9-9ECE-7B5CDA4B684B}.Debug|Any CPU.ActiveCfg = Debug|Any CPU
		{2C5B4116-A8A4-48C9-9ECE-7B5CDA4B684B}.Debug|Any CPU.Build.0 = Debug|Any CPU
		{2C5B4116-A8A4-48C9-9ECE-7B5CDA4B684B}.Release|Any CPU.ActiveCfg = Release|Any CPU
		{2C5B4116-A8A4-48C9-9ECE-7B5CDA4B684B}.Release|Any CPU.Build.0 = Release|Any CPU
		{24E1974D-1031-4624-833D-00D5CAA70897}.Debug|Any CPU.ActiveCfg = Debug|Any CPU
		{24E1974D-1031-4624-833D-00D5CAA70897}.Debug|Any CPU.Build.0 = Debug|Any CPU
		{24E1974D-1031-4624-833D-00D5CAA70897}.Release|Any CPU.ActiveCfg = Release|Any CPU
		{24E1974D-1031-4624-833D-00D5CAA70897}.Release|Any CPU.Build.0 = Release|Any CPU
		{DA578374-E507-4B17-84B7-5ADBC56BF94D}.Debug|Any CPU.ActiveCfg = Debug|Any CPU
		{DA578374-E507-4B17-84B7-5ADBC56BF94D}.Debug|Any CPU.Build.0 = Debug|Any CPU
		{DA578374-E507-4B17-84B7-5ADBC56BF94D}.Release|Any CPU.ActiveCfg = Release|Any CPU
		{DA578374-E507-4B17-84B7-5ADBC56BF94D}.Release|Any CPU.Build.0 = Release|Any CPU
	EndGlobalSection
	GlobalSection(SolutionProperties) = preSolution
		HideSolutionNode = FALSE
	EndGlobalSection
	GlobalSection(ExtensibilityGlobals) = postSolution
		SolutionGuid = {22AA92B1-F7ED-47AE-8836-79F43C992D4A}
	EndGlobalSection
EndGlobal
